Microsoft Visual Studio Solution File, Format Version 11.00
# Visual Studio 2008

Project("{4B82BEC4-2777-334D-1BC6-61C6F284A09F}") = "CookBook", "Assembly-CSharp.csproj", "{7200FD2C-9634-9260-3EBA-4FE76E507ADF}"
EndProject
Global
	GlobalSection(SolutionConfigurationPlatforms) = preSolution
		Debug|Any CPU = Debug|Any CPU
		Release|Any CPU = Release|Any CPU
	EndGlobalSection
	GlobalSection(ProjectConfigurationPlatforms) = postSolution
		{7200FD2C-9634-9260-3EBA-4FE76E507ADF}.Debug|Any CPU.ActiveCfg = Debug|Any CPU
		{7200FD2C-9634-9260-3EBA-4FE76E507ADF}.Debug|Any CPU.Build.0 = Debug|Any CPU
		{7200FD2C-9634-9260-3EBA-4FE76E507ADF}.Release|Any CPU.ActiveCfg = Release|Any CPU
		{7200FD2C-9634-9260-3EBA-4FE76E507ADF}.Release|Any CPU.Build.0 = Release|Any CPU
	EndGlobalSection
	GlobalSection(SolutionProperties) = preSolution
		HideSolutionNode = FALSE
	EndGlobalSection
	GlobalSection(MonoDevelopProperties) = preSolution
		StartupItem = Assembly-CSharp.csproj
	EndGlobalSection
EndGlobal
